// !$*UTF8*$!
{
	archiveVersion = 1;
	classes = {
	};
	objectVersion = 51;
	objects = {

/* Begin PBXBuildFile section */
		39CB10FA135174FF801E7A0F /* Pods_GitHubAppTests.framework in Frameworks */ = {isa = PBXBuildFile; fileRef = EFCF706BA84055D02BC3CC3F /* Pods_GitHubAppTests.framework */; };
		68F9A8FB28341B778847A3CB /* Pods_GitHubApp_GitHubAppUITests.framework in Frameworks */ = {isa = PBXBuildFile; fileRef = A718C50C219122D748778FEE /* Pods_GitHubApp_GitHubAppUITests.framework */; };
		BB01A05E26A4E70F007345C8 /* AppDelegate.swift in Sources */ = {isa = PBXBuildFile; fileRef = BB01A05D26A4E70F007345C8 /* AppDelegate.swift */; };
		BB01A06726A4E714007345C8 /* Assets.xcassets in Resources */ = {isa = PBXBuildFile; fileRef = BB01A06626A4E714007345C8 /* Assets.xcassets */; };
		BB01A06A26A4E714007345C8 /* LaunchScreen.storyboard in Resources */ = {isa = PBXBuildFile; fileRef = BB01A06826A4E714007345C8 /* LaunchScreen.storyboard */; };
		BB01A07526A4E714007345C8 /* GitHubAppTests.swift in Sources */ = {isa = PBXBuildFile; fileRef = BB01A07426A4E714007345C8 /* GitHubAppTests.swift */; };
		BB01A08026A4E714007345C8 /* GitHubAppUITests.swift in Sources */ = {isa = PBXBuildFile; fileRef = BB01A07F26A4E714007345C8 /* GitHubAppUITests.swift */; };
		BB01A09F26A64C8C007345C8 /* UIView+Inspectable.swift in Sources */ = {isa = PBXBuildFile; fileRef = BB01A09E26A64C8B007345C8 /* UIView+Inspectable.swift */; };
		BB01A0A226A64CC0007345C8 /* UIImageView+ImageLoading.swift in Sources */ = {isa = PBXBuildFile; fileRef = BB01A0A126A64CC0007345C8 /* UIImageView+ImageLoading.swift */; };
		BB01A0A526A64CED007345C8 /* UIViewController+Extensions.swift in Sources */ = {isa = PBXBuildFile; fileRef = BB01A0A426A64CED007345C8 /* UIViewController+Extensions.swift */; };
		BB01A0A726A64D37007345C8 /* AppNavigator.swift in Sources */ = {isa = PBXBuildFile; fileRef = BB01A0A626A64D37007345C8 /* AppNavigator.swift */; };
		BB01A0AC26A64DE9007345C8 /* NetworkLayer.swift in Sources */ = {isa = PBXBuildFile; fileRef = BB01A0AB26A64DE9007345C8 /* NetworkLayer.swift */; };
		BB01A0B426A64E35007345C8 /* BaseViewController.swift in Sources */ = {isa = PBXBuildFile; fileRef = BB01A0B326A64E35007345C8 /* BaseViewController.swift */; };
		BB01A0B726A64E93007345C8 /* NetworkManager.swift in Sources */ = {isa = PBXBuildFile; fileRef = BB01A0B626A64E93007345C8 /* NetworkManager.swift */; };
		BB01A0BF26A71639007345C8 /* R.generated.swift in Sources */ = {isa = PBXBuildFile; fileRef = BB01A0BE26A71639007345C8 /* R.generated.swift */; };
		BB01A0C026A71639007345C8 /* R.generated.swift in Sources */ = {isa = PBXBuildFile; fileRef = BB01A0BE26A71639007345C8 /* R.generated.swift */; };
		BB01A0C126A71639007345C8 /* R.generated.swift in Sources */ = {isa = PBXBuildFile; fileRef = BB01A0BE26A71639007345C8 /* R.generated.swift */; };
		BB01A0C726A71C3A007345C8 /* Authorization.storyboard in Resources */ = {isa = PBXBuildFile; fileRef = BB01A0C626A71C3A007345C8 /* Authorization.storyboard */; };
		BB01A0C926A71C53007345C8 /* AuthorizationViewController.swift in Sources */ = {isa = PBXBuildFile; fileRef = BB01A0C826A71C53007345C8 /* AuthorizationViewController.swift */; };
		BB01A0CD26A74239007345C8 /* RepositoryAPI.swift in Sources */ = {isa = PBXBuildFile; fileRef = BB01A0CC26A74239007345C8 /* RepositoryAPI.swift */; };
		BB01A0CF26A742DD007345C8 /* AuthPlugin.swift in Sources */ = {isa = PBXBuildFile; fileRef = BB01A0CE26A742DD007345C8 /* AuthPlugin.swift */; };
		BB01A0D126A74309007345C8 /* ErrorHandlerPlugin.swift in Sources */ = {isa = PBXBuildFile; fileRef = BB01A0D026A74309007345C8 /* ErrorHandlerPlugin.swift */; };
		BB01A0D326A74383007345C8 /* APIProtocolable.swift in Sources */ = {isa = PBXBuildFile; fileRef = BB01A0D226A74383007345C8 /* APIProtocolable.swift */; };
		BB01A0D626A74E19007345C8 /* Session.swift in Sources */ = {isa = PBXBuildFile; fileRef = BB01A0D526A74E19007345C8 /* Session.swift */; };
		BB01A0D826A74E22007345C8 /* SessionProvider.swift in Sources */ = {isa = PBXBuildFile; fileRef = BB01A0D726A74E22007345C8 /* SessionProvider.swift */; };
		BB01A0DC26A74E83007345C8 /* SessionPlainObject.swift in Sources */ = {isa = PBXBuildFile; fileRef = BB01A0DB26A74E83007345C8 /* SessionPlainObject.swift */; };
		BB01A0DF26A74EC3007345C8 /* NSCoder+Extensions.swift in Sources */ = {isa = PBXBuildFile; fileRef = BB01A0DE26A74EC3007345C8 /* NSCoder+Extensions.swift */; };
		BB01A0E126A74FC7007345C8 /* Main.storyboard in Resources */ = {isa = PBXBuildFile; fileRef = BB01A0E026A74FC7007345C8 /* Main.storyboard */; };
		BB01A0E326A74FD6007345C8 /* MainViewController.swift in Sources */ = {isa = PBXBuildFile; fileRef = BB01A0E226A74FD6007345C8 /* MainViewController.swift */; };
		BB01A0E626A75732007345C8 /* Alert.swift in Sources */ = {isa = PBXBuildFile; fileRef = BB01A0E526A75732007345C8 /* Alert.swift */; };
		BB01A0E926A75768007345C8 /* UIApplication+TopViewController.swift in Sources */ = {isa = PBXBuildFile; fileRef = BB01A0E826A75768007345C8 /* UIApplication+TopViewController.swift */; };
		BB01A0ED26A76568007345C8 /* ProgressHUD.swift in Sources */ = {isa = PBXBuildFile; fileRef = BB01A0EC26A76568007345C8 /* ProgressHUD.swift */; };
		BB01A0F226A76679007345C8 /* RepositoryListCell.swift in Sources */ = {isa = PBXBuildFile; fileRef = BB01A0F026A76679007345C8 /* RepositoryListCell.swift */; };
		BB01A0F326A76679007345C8 /* RepositoryListCell.xib in Resources */ = {isa = PBXBuildFile; fileRef = BB01A0F126A76679007345C8 /* RepositoryListCell.xib */; };
		BB01A0F626A76E5F007345C8 /* RoundedImageView.swift in Sources */ = {isa = PBXBuildFile; fileRef = BB01A0F526A76E5F007345C8 /* RoundedImageView.swift */; };
		BB01A0F826A77389007345C8 /* RepositoryNetworkManager.swift in Sources */ = {isa = PBXBuildFile; fileRef = BB01A0F726A77389007345C8 /* RepositoryNetworkManager.swift */; };
		BB01A0FA26A77418007345C8 /* RepositoryModel.swift in Sources */ = {isa = PBXBuildFile; fileRef = BB01A0F926A77418007345C8 /* RepositoryModel.swift */; };
		BB01A0FC26A778D9007345C8 /* RepositoryOwnerModel.swift in Sources */ = {isa = PBXBuildFile; fileRef = BB01A0FB26A778D9007345C8 /* RepositoryOwnerModel.swift */; };
		BB01A10126A788FF007345C8 /* RepositoryInfoViewController.swift in Sources */ = {isa = PBXBuildFile; fileRef = BB01A10026A788FF007345C8 /* RepositoryInfoViewController.swift */; };
		BB01A10326A78A1C007345C8 /* RepositoryInfo.storyboard in Resources */ = {isa = PBXBuildFile; fileRef = BB01A10226A78A1C007345C8 /* RepositoryInfo.storyboard */; };
		BB01A10826A78FB6007345C8 /* DateFormatter.swift in Sources */ = {isa = PBXBuildFile; fileRef = BB01A10726A78FB6007345C8 /* DateFormatter.swift */; };
		BBD61C9426A792CA0005171F /* GoogleService-Info.plist in Resources */ = {isa = PBXBuildFile; fileRef = BBD61C9326A792CA0005171F /* GoogleService-Info.plist */; };
		BBD61C9926A7A1040005171F /* UserInfo.storyboard in Resources */ = {isa = PBXBuildFile; fileRef = BBD61C9826A7A1040005171F /* UserInfo.storyboard */; };
		BBD61C9B26A7A10D0005171F /* UserInfoViewController.swift in Sources */ = {isa = PBXBuildFile; fileRef = BBD61C9A26A7A10D0005171F /* UserInfoViewController.swift */; };
		DF34244A2E436E4F4C454109 /* Pods_GitHubApp.framework in Frameworks */ = {isa = PBXBuildFile; fileRef = E694812C2E2171794F816665 /* Pods_GitHubApp.framework */; };
/* End PBXBuildFile section */

/* Begin PBXContainerItemProxy section */
		BB01A07126A4E714007345C8 /* PBXContainerItemProxy */ = {
			isa = PBXContainerItemProxy;
			containerPortal = BB01A05226A4E70E007345C8 /* Project object */;
			proxyType = 1;
			remoteGlobalIDString = BB01A05926A4E70E007345C8;
			remoteInfo = GitHubApp;
		};
		BB01A07C26A4E714007345C8 /* PBXContainerItemProxy */ = {
			isa = PBXContainerItemProxy;
			containerPortal = BB01A05226A4E70E007345C8 /* Project object */;
			proxyType = 1;
			remoteGlobalIDString = BB01A05926A4E70E007345C8;
			remoteInfo = GitHubApp;
		};
/* End PBXContainerItemProxy section */

/* Begin PBXFileReference section */
		2D78E223B69226CD439D29D7 /* Pods-GitHubApp.release.xcconfig */ = {isa = PBXFileReference; includeInIndex = 1; lastKnownFileType = text.xcconfig; name = "Pods-GitHubApp.release.xcconfig"; path = "Target Support Files/Pods-GitHubApp/Pods-GitHubApp.release.xcconfig"; sourceTree = "<group>"; };
		30E729710751891FA1887CE2 /* Pods-GitHubApp-GitHubAppUITests.release.xcconfig */ = {isa = PBXFileReference; includeInIndex = 1; lastKnownFileType = text.xcconfig; name = "Pods-GitHubApp-GitHubAppUITests.release.xcconfig"; path = "Target Support Files/Pods-GitHubApp-GitHubAppUITests/Pods-GitHubApp-GitHubAppUITests.release.xcconfig"; sourceTree = "<group>"; };
		77197F416D2DFD9D5A6D4DA7 /* Pods-GitHubApp-GitHubAppUITests.debug.xcconfig */ = {isa = PBXFileReference; includeInIndex = 1; lastKnownFileType = text.xcconfig; name = "Pods-GitHubApp-GitHubAppUITests.debug.xcconfig"; path = "Target Support Files/Pods-GitHubApp-GitHubAppUITests/Pods-GitHubApp-GitHubAppUITests.debug.xcconfig"; sourceTree = "<group>"; };
		A718C50C219122D748778FEE /* Pods_GitHubApp_GitHubAppUITests.framework */ = {isa = PBXFileReference; explicitFileType = wrapper.framework; includeInIndex = 0; path = Pods_GitHubApp_GitHubAppUITests.framework; sourceTree = BUILT_PRODUCTS_DIR; };
		B22511FCC1567135EE5D2EF9 /* Pods-GitHubAppTests.release.xcconfig */ = {isa = PBXFileReference; includeInIndex = 1; lastKnownFileType = text.xcconfig; name = "Pods-GitHubAppTests.release.xcconfig"; path = "Target Support Files/Pods-GitHubAppTests/Pods-GitHubAppTests.release.xcconfig"; sourceTree = "<group>"; };
		BB01A05A26A4E70E007345C8 /* GitHubApp.app */ = {isa = PBXFileReference; explicitFileType = wrapper.application; includeInIndex = 0; path = GitHubApp.app; sourceTree = BUILT_PRODUCTS_DIR; };
		BB01A05D26A4E70F007345C8 /* AppDelegate.swift */ = {isa = PBXFileReference; lastKnownFileType = sourcecode.swift; path = AppDelegate.swift; sourceTree = "<group>"; };
		BB01A06626A4E714007345C8 /* Assets.xcassets */ = {isa = PBXFileReference; lastKnownFileType = folder.assetcatalog; path = Assets.xcassets; sourceTree = "<group>"; };
		BB01A06926A4E714007345C8 /* Base */ = {isa = PBXFileReference; lastKnownFileType = file.storyboard; name = Base; path = Base.lproj/LaunchScreen.storyboard; sourceTree = "<group>"; };
		BB01A06B26A4E714007345C8 /* Info.plist */ = {isa = PBXFileReference; lastKnownFileType = text.plist.xml; path = Info.plist; sourceTree = "<group>"; };
		BB01A07026A4E714007345C8 /* GitHubAppTests.xctest */ = {isa = PBXFileReference; explicitFileType = wrapper.cfbundle; includeInIndex = 0; path = GitHubAppTests.xctest; sourceTree = BUILT_PRODUCTS_DIR; };
		BB01A07426A4E714007345C8 /* GitHubAppTests.swift */ = {isa = PBXFileReference; lastKnownFileType = sourcecode.swift; path = GitHubAppTests.swift; sourceTree = "<group>"; };
		BB01A07626A4E714007345C8 /* Info.plist */ = {isa = PBXFileReference; lastKnownFileType = text.plist.xml; path = Info.plist; sourceTree = "<group>"; };
		BB01A07B26A4E714007345C8 /* GitHubAppUITests.xctest */ = {isa = PBXFileReference; explicitFileType = wrapper.cfbundle; includeInIndex = 0; path = GitHubAppUITests.xctest; sourceTree = BUILT_PRODUCTS_DIR; };
		BB01A07F26A4E714007345C8 /* GitHubAppUITests.swift */ = {isa = PBXFileReference; lastKnownFileType = sourcecode.swift; path = GitHubAppUITests.swift; sourceTree = "<group>"; };
		BB01A08126A4E714007345C8 /* Info.plist */ = {isa = PBXFileReference; lastKnownFileType = text.plist.xml; path = Info.plist; sourceTree = "<group>"; };
		BB01A09E26A64C8B007345C8 /* UIView+Inspectable.swift */ = {isa = PBXFileReference; lastKnownFileType = sourcecode.swift; path = "UIView+Inspectable.swift"; sourceTree = "<group>"; };
		BB01A0A126A64CC0007345C8 /* UIImageView+ImageLoading.swift */ = {isa = PBXFileReference; lastKnownFileType = sourcecode.swift; path = "UIImageView+ImageLoading.swift"; sourceTree = "<group>"; };
		BB01A0A426A64CED007345C8 /* UIViewController+Extensions.swift */ = {isa = PBXFileReference; lastKnownFileType = sourcecode.swift; path = "UIViewController+Extensions.swift"; sourceTree = "<group>"; };
		BB01A0A626A64D37007345C8 /* AppNavigator.swift */ = {isa = PBXFileReference; lastKnownFileType = sourcecode.swift; path = AppNavigator.swift; sourceTree = "<group>"; };
		BB01A0AB26A64DE9007345C8 /* NetworkLayer.swift */ = {isa = PBXFileReference; lastKnownFileType = sourcecode.swift; path = NetworkLayer.swift; sourceTree = "<group>"; };
		BB01A0B326A64E35007345C8 /* BaseViewController.swift */ = {isa = PBXFileReference; lastKnownFileType = sourcecode.swift; path = BaseViewController.swift; sourceTree = "<group>"; };
		BB01A0B626A64E93007345C8 /* NetworkManager.swift */ = {isa = PBXFileReference; lastKnownFileType = sourcecode.swift; path = NetworkManager.swift; sourceTree = "<group>"; };
		BB01A0BE26A71639007345C8 /* R.generated.swift */ = {isa = PBXFileReference; fileEncoding = 4; lastKnownFileType = sourcecode.swift; path = R.generated.swift; sourceTree = SOURCE_ROOT; };
		BB01A0C626A71C3A007345C8 /* Authorization.storyboard */ = {isa = PBXFileReference; lastKnownFileType = file.storyboard; path = Authorization.storyboard; sourceTree = "<group>"; };
		BB01A0C826A71C53007345C8 /* AuthorizationViewController.swift */ = {isa = PBXFileReference; lastKnownFileType = sourcecode.swift; path = AuthorizationViewController.swift; sourceTree = "<group>"; };
		BB01A0CC26A74239007345C8 /* RepositoryAPI.swift */ = {isa = PBXFileReference; lastKnownFileType = sourcecode.swift; path = RepositoryAPI.swift; sourceTree = "<group>"; };
		BB01A0CE26A742DD007345C8 /* AuthPlugin.swift */ = {isa = PBXFileReference; lastKnownFileType = sourcecode.swift; path = AuthPlugin.swift; sourceTree = "<group>"; };
		BB01A0D026A74309007345C8 /* ErrorHandlerPlugin.swift */ = {isa = PBXFileReference; lastKnownFileType = sourcecode.swift; path = ErrorHandlerPlugin.swift; sourceTree = "<group>"; };
		BB01A0D226A74383007345C8 /* APIProtocolable.swift */ = {isa = PBXFileReference; lastKnownFileType = sourcecode.swift; path = APIProtocolable.swift; sourceTree = "<group>"; };
		BB01A0D526A74E19007345C8 /* Session.swift */ = {isa = PBXFileReference; lastKnownFileType = sourcecode.swift; path = Session.swift; sourceTree = "<group>"; };
		BB01A0D726A74E22007345C8 /* SessionProvider.swift */ = {isa = PBXFileReference; lastKnownFileType = sourcecode.swift; path = SessionProvider.swift; sourceTree = "<group>"; };
		BB01A0DB26A74E83007345C8 /* SessionPlainObject.swift */ = {isa = PBXFileReference; lastKnownFileType = sourcecode.swift; path = SessionPlainObject.swift; sourceTree = "<group>"; };
		BB01A0DE26A74EC3007345C8 /* NSCoder+Extensions.swift */ = {isa = PBXFileReference; lastKnownFileType = sourcecode.swift; path = "NSCoder+Extensions.swift"; sourceTree = "<group>"; };
		BB01A0E026A74FC7007345C8 /* Main.storyboard */ = {isa = PBXFileReference; lastKnownFileType = file.storyboard; path = Main.storyboard; sourceTree = "<group>"; };
		BB01A0E226A74FD6007345C8 /* MainViewController.swift */ = {isa = PBXFileReference; lastKnownFileType = sourcecode.swift; path = MainViewController.swift; sourceTree = "<group>"; };
		BB01A0E526A75732007345C8 /* Alert.swift */ = {isa = PBXFileReference; lastKnownFileType = sourcecode.swift; path = Alert.swift; sourceTree = "<group>"; };
		BB01A0E826A75768007345C8 /* UIApplication+TopViewController.swift */ = {isa = PBXFileReference; lastKnownFileType = sourcecode.swift; path = "UIApplication+TopViewController.swift"; sourceTree = "<group>"; };
		BB01A0EC26A76568007345C8 /* ProgressHUD.swift */ = {isa = PBXFileReference; lastKnownFileType = sourcecode.swift; path = ProgressHUD.swift; sourceTree = "<group>"; };
		BB01A0F026A76679007345C8 /* RepositoryListCell.swift */ = {isa = PBXFileReference; lastKnownFileType = sourcecode.swift; path = RepositoryListCell.swift; sourceTree = "<group>"; };
		BB01A0F126A76679007345C8 /* RepositoryListCell.xib */ = {isa = PBXFileReference; lastKnownFileType = file.xib; path = RepositoryListCell.xib; sourceTree = "<group>"; };
		BB01A0F526A76E5F007345C8 /* RoundedImageView.swift */ = {isa = PBXFileReference; lastKnownFileType = sourcecode.swift; path = RoundedImageView.swift; sourceTree = "<group>"; };
		BB01A0F726A77389007345C8 /* RepositoryNetworkManager.swift */ = {isa = PBXFileReference; lastKnownFileType = sourcecode.swift; path = RepositoryNetworkManager.swift; sourceTree = "<group>"; };
		BB01A0F926A77418007345C8 /* RepositoryModel.swift */ = {isa = PBXFileReference; lastKnownFileType = sourcecode.swift; path = RepositoryModel.swift; sourceTree = "<group>"; };
		BB01A0FB26A778D9007345C8 /* RepositoryOwnerModel.swift */ = {isa = PBXFileReference; lastKnownFileType = sourcecode.swift; path = RepositoryOwnerModel.swift; sourceTree = "<group>"; };
		BB01A10026A788FF007345C8 /* RepositoryInfoViewController.swift */ = {isa = PBXFileReference; lastKnownFileType = sourcecode.swift; path = RepositoryInfoViewController.swift; sourceTree = "<group>"; };
		BB01A10226A78A1C007345C8 /* RepositoryInfo.storyboard */ = {isa = PBXFileReference; lastKnownFileType = file.storyboard; path = RepositoryInfo.storyboard; sourceTree = "<group>"; };
		BB01A10726A78FB6007345C8 /* DateFormatter.swift */ = {isa = PBXFileReference; lastKnownFileType = sourcecode.swift; path = DateFormatter.swift; sourceTree = "<group>"; };
		BB06FEE8CB462CF03FD9F6DA /* Pods-GitHubAppTests.debug.xcconfig */ = {isa = PBXFileReference; includeInIndex = 1; lastKnownFileType = text.xcconfig; name = "Pods-GitHubAppTests.debug.xcconfig"; path = "Target Support Files/Pods-GitHubAppTests/Pods-GitHubAppTests.debug.xcconfig"; sourceTree = "<group>"; };
		BBD61C9326A792CA0005171F /* GoogleService-Info.plist */ = {isa = PBXFileReference; fileEncoding = 4; lastKnownFileType = text.plist.xml; path = "GoogleService-Info.plist"; sourceTree = "<group>"; };
		BBD61C9826A7A1040005171F /* UserInfo.storyboard */ = {isa = PBXFileReference; lastKnownFileType = file.storyboard; path = UserInfo.storyboard; sourceTree = "<group>"; };
		BBD61C9A26A7A10D0005171F /* UserInfoViewController.swift */ = {isa = PBXFileReference; lastKnownFileType = sourcecode.swift; path = UserInfoViewController.swift; sourceTree = "<group>"; };
		CB543075A7F0547A8C6BFACD /* Pods-GitHubApp.debug.xcconfig */ = {isa = PBXFileReference; includeInIndex = 1; lastKnownFileType = text.xcconfig; name = "Pods-GitHubApp.debug.xcconfig"; path = "Target Support Files/Pods-GitHubApp/Pods-GitHubApp.debug.xcconfig"; sourceTree = "<group>"; };
		E694812C2E2171794F816665 /* Pods_GitHubApp.framework */ = {isa = PBXFileReference; explicitFileType = wrapper.framework; includeInIndex = 0; path = Pods_GitHubApp.framework; sourceTree = BUILT_PRODUCTS_DIR; };
		EFCF706BA84055D02BC3CC3F /* Pods_GitHubAppTests.framework */ = {isa = PBXFileReference; explicitFileType = wrapper.framework; includeInIndex = 0; path = Pods_GitHubAppTests.framework; sourceTree = BUILT_PRODUCTS_DIR; };
/* End PBXFileReference section */

/* Begin PBXFrameworksBuildPhase section */
		BB01A05726A4E70E007345C8 /* Frameworks */ = {
			isa = PBXFrameworksBuildPhase;
			buildActionMask = 2147483647;
			files = (
				DF34244A2E436E4F4C454109 /* Pods_GitHubApp.framework in Frameworks */,
			);
			runOnlyForDeploymentPostprocessing = 0;
		};
		BB01A06D26A4E714007345C8 /* Frameworks */ = {
			isa = PBXFrameworksBuildPhase;
			buildActionMask = 2147483647;
			files = (
				39CB10FA135174FF801E7A0F /* Pods_GitHubAppTests.framework in Frameworks */,
			);
			runOnlyForDeploymentPostprocessing = 0;
		};
		BB01A07826A4E714007345C8 /* Frameworks */ = {
			isa = PBXFrameworksBuildPhase;
			buildActionMask = 2147483647;
			files = (
				68F9A8FB28341B778847A3CB /* Pods_GitHubApp_GitHubAppUITests.framework in Frameworks */,
			);
			runOnlyForDeploymentPostprocessing = 0;
		};
/* End PBXFrameworksBuildPhase section */

/* Begin PBXGroup section */
		51E272D001B69077556476DA /* Frameworks */ = {
			isa = PBXGroup;
			children = (
				E694812C2E2171794F816665 /* Pods_GitHubApp.framework */,
				A718C50C219122D748778FEE /* Pods_GitHubApp_GitHubAppUITests.framework */,
				EFCF706BA84055D02BC3CC3F /* Pods_GitHubAppTests.framework */,
			);
			name = Frameworks;
			sourceTree = "<group>";
		};
		9C8E39CAE09E5D1BF41DCA7C /* Pods */ = {
			isa = PBXGroup;
			children = (
				CB543075A7F0547A8C6BFACD /* Pods-GitHubApp.debug.xcconfig */,
				2D78E223B69226CD439D29D7 /* Pods-GitHubApp.release.xcconfig */,
				77197F416D2DFD9D5A6D4DA7 /* Pods-GitHubApp-GitHubAppUITests.debug.xcconfig */,
				30E729710751891FA1887CE2 /* Pods-GitHubApp-GitHubAppUITests.release.xcconfig */,
				BB06FEE8CB462CF03FD9F6DA /* Pods-GitHubAppTests.debug.xcconfig */,
				B22511FCC1567135EE5D2EF9 /* Pods-GitHubAppTests.release.xcconfig */,
			);
			path = Pods;
			sourceTree = "<group>";
		};
		BB01A05126A4E70E007345C8 = {
			isa = PBXGroup;
			children = (
				BB01A05C26A4E70F007345C8 /* GitHubApp */,
				BB01A07326A4E714007345C8 /* GitHubAppTests */,
				BB01A07E26A4E714007345C8 /* GitHubAppUITests */,
				BB01A05B26A4E70E007345C8 /* Products */,
				9C8E39CAE09E5D1BF41DCA7C /* Pods */,
				51E272D001B69077556476DA /* Frameworks */,
			);
			sourceTree = "<group>";
		};
		BB01A05B26A4E70E007345C8 /* Products */ = {
			isa = PBXGroup;
			children = (
				BB01A05A26A4E70E007345C8 /* GitHubApp.app */,
				BB01A07026A4E714007345C8 /* GitHubAppTests.xctest */,
				BB01A07B26A4E714007345C8 /* GitHubAppUITests.xctest */,
			);
			name = Products;
			sourceTree = "<group>";
		};
		BB01A05C26A4E70F007345C8 /* GitHubApp */ = {
			isa = PBXGroup;
			children = (
				BB01A08D26A64BC0007345C8 /* Code */,
				BB01A08E26A64BC5007345C8 /* Resources */,
				BB01A06B26A4E714007345C8 /* Info.plist */,
			);
			path = GitHubApp;
			sourceTree = "<group>";
		};
		BB01A07326A4E714007345C8 /* GitHubAppTests */ = {
			isa = PBXGroup;
			children = (
				BB01A07426A4E714007345C8 /* GitHubAppTests.swift */,
				BB01A07626A4E714007345C8 /* Info.plist */,
			);
			path = GitHubAppTests;
			sourceTree = "<group>";
		};
		BB01A07E26A4E714007345C8 /* GitHubAppUITests */ = {
			isa = PBXGroup;
			children = (
				BB01A07F26A4E714007345C8 /* GitHubAppUITests.swift */,
				BB01A08126A4E714007345C8 /* Info.plist */,
			);
			path = GitHubAppUITests;
			sourceTree = "<group>";
		};
		BB01A08D26A64BC0007345C8 /* Code */ = {
			isa = PBXGroup;
			children = (
				BB01A09026A64BE1007345C8 /* Application */,
				BB01A09126A64BE8007345C8 /* Buisness */,
				BB01A09226A64BF2007345C8 /* Common */,
			);
			path = Code;
			sourceTree = "<group>";
		};
		BB01A08E26A64BC5007345C8 /* Resources */ = {
			isa = PBXGroup;
			children = (
				BBD61C9326A792CA0005171F /* GoogleService-Info.plist */,
				BB01A06826A4E714007345C8 /* LaunchScreen.storyboard */,
				BB01A06626A4E714007345C8 /* Assets.xcassets */,
				BB01A0BE26A71639007345C8 /* R.generated.swift */,
			);
			path = Resources;
			sourceTree = "<group>";
		};
		BB01A09026A64BE1007345C8 /* Application */ = {
			isa = PBXGroup;
			children = (
				BB01A09326A64BFE007345C8 /* App */,
				BB01A09626A64C0D007345C8 /* Networking */,
				BB01A09526A64C07007345C8 /* Navigation */,
				BB01A09426A64C02007345C8 /* Device */,
			);
			path = Application;
			sourceTree = "<group>";
		};
		BB01A09126A64BE8007345C8 /* Buisness */ = {
			isa = PBXGroup;
			children = (
				BB01A09A26A64C4E007345C8 /* Features */,
			);
			path = Buisness;
			sourceTree = "<group>";
		};
		BB01A09226A64BF2007345C8 /* Common */ = {
			isa = PBXGroup;
			children = (
				BB01A0EA26A76555007345C8 /* Views */,
				BB01A0E426A75724007345C8 /* Alert */,
				BB01A0D926A74E70007345C8 /* Models */,
				BB01A09826A64C33007345C8 /* Managers */,
				BB01A09726A64C2D007345C8 /* Helpers */,
				BB01A09926A64C3B007345C8 /* Extensions */,
			);
			path = Common;
			sourceTree = "<group>";
		};
		BB01A09326A64BFE007345C8 /* App */ = {
			isa = PBXGroup;
			children = (
				BB01A05D26A4E70F007345C8 /* AppDelegate.swift */,
			);
			path = App;
			sourceTree = "<group>";
		};
		BB01A09426A64C02007345C8 /* Device */ = {
			isa = PBXGroup;
			children = (
			);
			path = Device;
			sourceTree = "<group>";
		};
		BB01A09526A64C07007345C8 /* Navigation */ = {
			isa = PBXGroup;
			children = (
				BB01A0A626A64D37007345C8 /* AppNavigator.swift */,
			);
			path = Navigation;
			sourceTree = "<group>";
		};
		BB01A09626A64C0D007345C8 /* Networking */ = {
			isa = PBXGroup;
			children = (
				BB01A0A826A64DCB007345C8 /* API */,
			);
			path = Networking;
			sourceTree = "<group>";
		};
		BB01A09726A64C2D007345C8 /* Helpers */ = {
			isa = PBXGroup;
			children = (
			);
			path = Helpers;
			sourceTree = "<group>";
		};
		BB01A09826A64C33007345C8 /* Managers */ = {
			isa = PBXGroup;
			children = (
				BB01A0D426A74E0B007345C8 /* SessionProvider */,
				BB01A0B526A64E85007345C8 /* NetworkManager */,
			);
			path = Managers;
			sourceTree = "<group>";
		};
		BB01A09926A64C3B007345C8 /* Extensions */ = {
			isa = PBXGroup;
			children = (
				BB01A0DD26A74EB4007345C8 /* Foundation */,
				BB01A09C26A64C71007345C8 /* UIKit */,
			);
			path = Extensions;
			sourceTree = "<group>";
		};
		BB01A09A26A64C4E007345C8 /* Features */ = {
			isa = PBXGroup;
			children = (
				BBD61C9526A7A0DE0005171F /* UserInfo */,
				BB01A0FD26A788D6007345C8 /* RepositoryInfo */,
				BB01A0B826A71594007345C8 /* Main */,
				BB01A0B026A64E16007345C8 /* Base */,
				BB01A09B26A64C58007345C8 /* Authorization */,
			);
			path = Features;
			sourceTree = "<group>";
		};
		BB01A09B26A64C58007345C8 /* Authorization */ = {
			isa = PBXGroup;
			children = (
				BB01A0AF26A64E05007345C8 /* Controllers */,
				BB01A0AE26A64DFF007345C8 /* Storyboard */,
				BB01A0AD26A64DFB007345C8 /* Model */,
			);
			path = Authorization;
			sourceTree = "<group>";
		};
		BB01A09C26A64C71007345C8 /* UIKit */ = {
			isa = PBXGroup;
			children = (
				BB01A0E726A75759007345C8 /* UIApplication */,
				BB01A0A326A64CD9007345C8 /* UIViewController */,
				BB01A0A026A64CAE007345C8 /* UIImageView */,
				BB01A09D26A64C7B007345C8 /* UIView */,
			);
			path = UIKit;
			sourceTree = "<group>";
		};
		BB01A09D26A64C7B007345C8 /* UIView */ = {
			isa = PBXGroup;
			children = (
				BB01A09E26A64C8B007345C8 /* UIView+Inspectable.swift */,
			);
			path = UIView;
			sourceTree = "<group>";
		};
		BB01A0A026A64CAE007345C8 /* UIImageView */ = {
			isa = PBXGroup;
			children = (
				BB01A0A126A64CC0007345C8 /* UIImageView+ImageLoading.swift */,
			);
			path = UIImageView;
			sourceTree = "<group>";
		};
		BB01A0A326A64CD9007345C8 /* UIViewController */ = {
			isa = PBXGroup;
			children = (
				BB01A0A426A64CED007345C8 /* UIViewController+Extensions.swift */,
			);
			path = UIViewController;
			sourceTree = "<group>";
		};
		BB01A0A826A64DCB007345C8 /* API */ = {
			isa = PBXGroup;
			children = (
				BB01A0A926A64DD3007345C8 /* APIs */,
				BB01A0AA26A64DD8007345C8 /* Plugins */,
				BB01A0AB26A64DE9007345C8 /* NetworkLayer.swift */,
			);
			path = API;
			sourceTree = "<group>";
		};
		BB01A0A926A64DD3007345C8 /* APIs */ = {
			isa = PBXGroup;
			children = (
				BB01A0D226A74383007345C8 /* APIProtocolable.swift */,
				BB01A0CC26A74239007345C8 /* RepositoryAPI.swift */,
			);
			path = APIs;
			sourceTree = "<group>";
		};
		BB01A0AA26A64DD8007345C8 /* Plugins */ = {
			isa = PBXGroup;
			children = (
				BB01A0CE26A742DD007345C8 /* AuthPlugin.swift */,
				BB01A0D026A74309007345C8 /* ErrorHandlerPlugin.swift */,
			);
			path = Plugins;
			sourceTree = "<group>";
		};
		BB01A0AD26A64DFB007345C8 /* Model */ = {
			isa = PBXGroup;
			children = (
			);
			path = Model;
			sourceTree = "<group>";
		};
		BB01A0AE26A64DFF007345C8 /* Storyboard */ = {
			isa = PBXGroup;
			children = (
				BB01A0C626A71C3A007345C8 /* Authorization.storyboard */,
			);
			path = Storyboard;
			sourceTree = "<group>";
		};
		BB01A0AF26A64E05007345C8 /* Controllers */ = {
			isa = PBXGroup;
			children = (
				BB01A0C826A71C53007345C8 /* AuthorizationViewController.swift */,
			);
			path = Controllers;
			sourceTree = "<group>";
		};
		BB01A0B026A64E16007345C8 /* Base */ = {
			isa = PBXGroup;
			children = (
				BB01A0B126A64E1E007345C8 /* Storyboard */,
				BB01A0B326A64E35007345C8 /* BaseViewController.swift */,
			);
			path = Base;
			sourceTree = "<group>";
		};
		BB01A0B126A64E1E007345C8 /* Storyboard */ = {
			isa = PBXGroup;
			children = (
			);
			path = Storyboard;
			sourceTree = "<group>";
		};
		BB01A0B526A64E85007345C8 /* NetworkManager */ = {
			isa = PBXGroup;
			children = (
				BB01A0B626A64E93007345C8 /* NetworkManager.swift */,
				BB01A0F726A77389007345C8 /* RepositoryNetworkManager.swift */,
			);
			path = NetworkManager;
			sourceTree = "<group>";
		};
		BB01A0B826A71594007345C8 /* Main */ = {
			isa = PBXGroup;
			children = (
				BB01A0EE26A76658007345C8 /* Views */,
				BB01A0BC26A715B3007345C8 /* Storyboard */,
				BB01A0BA26A715A5007345C8 /* Controllers */,
				BB01A0B926A7159E007345C8 /* Model */,
			);
			path = Main;
			sourceTree = "<group>";
		};
		BB01A0B926A7159E007345C8 /* Model */ = {
			isa = PBXGroup;
			children = (
				BB01A0F926A77418007345C8 /* RepositoryModel.swift */,
				BB01A0FB26A778D9007345C8 /* RepositoryOwnerModel.swift */,
			);
			path = Model;
			sourceTree = "<group>";
		};
		BB01A0BA26A715A5007345C8 /* Controllers */ = {
			isa = PBXGroup;
			children = (
				BB01A0E226A74FD6007345C8 /* MainViewController.swift */,
			);
			path = Controllers;
			sourceTree = "<group>";
		};
		BB01A0BC26A715B3007345C8 /* Storyboard */ = {
			isa = PBXGroup;
			children = (
				BB01A0E026A74FC7007345C8 /* Main.storyboard */,
			);
			path = Storyboard;
			sourceTree = "<group>";
		};
		BB01A0D426A74E0B007345C8 /* SessionProvider */ = {
			isa = PBXGroup;
			children = (
				BB01A0D526A74E19007345C8 /* Session.swift */,
				BB01A0D726A74E22007345C8 /* SessionProvider.swift */,
			);
			path = SessionProvider;
			sourceTree = "<group>";
		};
		BB01A0D926A74E70007345C8 /* Models */ = {
			isa = PBXGroup;
			children = (
				BB01A0DA26A74E73007345C8 /* PlainObjects */,
			);
			path = Models;
			sourceTree = "<group>";
		};
		BB01A0DA26A74E73007345C8 /* PlainObjects */ = {
			isa = PBXGroup;
			children = (
				BB01A0DB26A74E83007345C8 /* SessionPlainObject.swift */,
			);
			path = PlainObjects;
			sourceTree = "<group>";
		};
		BB01A0DD26A74EB4007345C8 /* Foundation */ = {
			isa = PBXGroup;
			children = (
				BB01A0DE26A74EC3007345C8 /* NSCoder+Extensions.swift */,
				BB01A10726A78FB6007345C8 /* DateFormatter.swift */,
			);
			path = Foundation;
			sourceTree = "<group>";
		};
		BB01A0E426A75724007345C8 /* Alert */ = {
			isa = PBXGroup;
			children = (
				BB01A0E526A75732007345C8 /* Alert.swift */,
			);
			path = Alert;
			sourceTree = "<group>";
		};
		BB01A0E726A75759007345C8 /* UIApplication */ = {
			isa = PBXGroup;
			children = (
				BB01A0E826A75768007345C8 /* UIApplication+TopViewController.swift */,
			);
			path = UIApplication;
			sourceTree = "<group>";
		};
		BB01A0EA26A76555007345C8 /* Views */ = {
			isa = PBXGroup;
			children = (
				BB01A0F426A76E4C007345C8 /* RoundedImageView */,
				BB01A0EB26A7655B007345C8 /* ProgressHUD */,
			);
			path = Views;
			sourceTree = "<group>";
		};
		BB01A0EB26A7655B007345C8 /* ProgressHUD */ = {
			isa = PBXGroup;
			children = (
				BB01A0EC26A76568007345C8 /* ProgressHUD.swift */,
			);
			path = ProgressHUD;
			sourceTree = "<group>";
		};
		BB01A0EE26A76658007345C8 /* Views */ = {
			isa = PBXGroup;
			children = (
				BB01A0EF26A7665C007345C8 /* RepositoryListCell */,
			);
			path = Views;
			sourceTree = "<group>";
		};
		BB01A0EF26A7665C007345C8 /* RepositoryListCell */ = {
			isa = PBXGroup;
			children = (
				BB01A0F026A76679007345C8 /* RepositoryListCell.swift */,
				BB01A0F126A76679007345C8 /* RepositoryListCell.xib */,
			);
			path = RepositoryListCell;
			sourceTree = "<group>";
		};
		BB01A0F426A76E4C007345C8 /* RoundedImageView */ = {
			isa = PBXGroup;
			children = (
				BB01A0F526A76E5F007345C8 /* RoundedImageView.swift */,
			);
			path = RoundedImageView;
			sourceTree = "<group>";
		};
		BB01A0FD26A788D6007345C8 /* RepositoryInfo */ = {
			isa = PBXGroup;
			children = (
				BB01A0FF26A788E8007345C8 /* Controller */,
				BB01A0FE26A788E2007345C8 /* Storyboard */,
			);
			path = RepositoryInfo;
			sourceTree = "<group>";
		};
		BB01A0FE26A788E2007345C8 /* Storyboard */ = {
			isa = PBXGroup;
			children = (
				BB01A10226A78A1C007345C8 /* RepositoryInfo.storyboard */,
			);
			path = Storyboard;
			sourceTree = "<group>";
		};
		BB01A0FF26A788E8007345C8 /* Controller */ = {
			isa = PBXGroup;
			children = (
				BB01A10026A788FF007345C8 /* RepositoryInfoViewController.swift */,
			);
			path = Controller;
			sourceTree = "<group>";
		};
		BBD61C9526A7A0DE0005171F /* UserInfo */ = {
			isa = PBXGroup;
			children = (
				BBD61C9726A7A0F50005171F /* Controllers */,
				BBD61C9626A7A0EC0005171F /* Storyboard */,
			);
			path = UserInfo;
			sourceTree = "<group>";
		};
		BBD61C9626A7A0EC0005171F /* Storyboard */ = {
			isa = PBXGroup;
			children = (
				BBD61C9826A7A1040005171F /* UserInfo.storyboard */,
			);
			path = Storyboard;
			sourceTree = "<group>";
		};
		BBD61C9726A7A0F50005171F /* Controllers */ = {
			isa = PBXGroup;
			children = (
				BBD61C9A26A7A10D0005171F /* UserInfoViewController.swift */,
			);
			path = Controllers;
			sourceTree = "<group>";
		};
/* End PBXGroup section */

/* Begin PBXNativeTarget section */
		BB01A05926A4E70E007345C8 /* GitHubApp */ = {
			isa = PBXNativeTarget;
			buildConfigurationList = BB01A08426A4E714007345C8 /* Build configuration list for PBXNativeTarget "GitHubApp" */;
			buildPhases = (
				F13FE9DC17A2E2230A789273 /* [CP] Check Pods Manifest.lock */,
				BB01A0BD26A715F4007345C8 /* R.swift */,
				BB01A05626A4E70E007345C8 /* Sources */,
				BB01A05726A4E70E007345C8 /* Frameworks */,
				BB01A05826A4E70E007345C8 /* Resources */,
				C0F6AA5776A71F0244ACF9C0 /* [CP] Embed Pods Frameworks */,
			);
			buildRules = (
			);
			dependencies = (
			);
			name = GitHubApp;
			productName = GitHubApp;
			productReference = BB01A05A26A4E70E007345C8 /* GitHubApp.app */;
			productType = "com.apple.product-type.application";
		};
		BB01A06F26A4E714007345C8 /* GitHubAppTests */ = {
			isa = PBXNativeTarget;
			buildConfigurationList = BB01A08726A4E714007345C8 /* Build configuration list for PBXNativeTarget "GitHubAppTests" */;
			buildPhases = (
				28FA744B19A8C47BD1FF06C5 /* [CP] Check Pods Manifest.lock */,
				BB01A06C26A4E714007345C8 /* Sources */,
				BB01A06D26A4E714007345C8 /* Frameworks */,
				BB01A06E26A4E714007345C8 /* Resources */,
			);
			buildRules = (
			);
			dependencies = (
				BB01A07226A4E714007345C8 /* PBXTargetDependency */,
			);
			name = GitHubAppTests;
			productName = GitHubAppTests;
			productReference = BB01A07026A4E714007345C8 /* GitHubAppTests.xctest */;
			productType = "com.apple.product-type.bundle.unit-test";
		};
		BB01A07A26A4E714007345C8 /* GitHubAppUITests */ = {
			isa = PBXNativeTarget;
			buildConfigurationList = BB01A08A26A4E714007345C8 /* Build configuration list for PBXNativeTarget "GitHubAppUITests" */;
			buildPhases = (
				D07FF948DE732E6D8A4C2359 /* [CP] Check Pods Manifest.lock */,
				BB01A07726A4E714007345C8 /* Sources */,
				BB01A07826A4E714007345C8 /* Frameworks */,
				BB01A07926A4E714007345C8 /* Resources */,
				57B25F4D305F558C21933C45 /* [CP] Embed Pods Frameworks */,
			);
			buildRules = (
			);
			dependencies = (
				BB01A07D26A4E714007345C8 /* PBXTargetDependency */,
			);
			name = GitHubAppUITests;
			productName = GitHubAppUITests;
			productReference = BB01A07B26A4E714007345C8 /* GitHubAppUITests.xctest */;
			productType = "com.apple.product-type.bundle.ui-testing";
		};
/* End PBXNativeTarget section */

/* Begin PBXProject section */
		BB01A05226A4E70E007345C8 /* Project object */ = {
			isa = PBXProject;
			attributes = {
				LastSwiftUpdateCheck = 1250;
				LastUpgradeCheck = 1250;
				TargetAttributes = {
					BB01A05926A4E70E007345C8 = {
						CreatedOnToolsVersion = 12.5;
					};
					BB01A06F26A4E714007345C8 = {
						CreatedOnToolsVersion = 12.5;
						TestTargetID = BB01A05926A4E70E007345C8;
					};
					BB01A07A26A4E714007345C8 = {
						CreatedOnToolsVersion = 12.5;
						TestTargetID = BB01A05926A4E70E007345C8;
					};
				};
			};
			buildConfigurationList = BB01A05526A4E70E007345C8 /* Build configuration list for PBXProject "GitHubApp" */;
			compatibilityVersion = "Xcode 9.3";
			developmentRegion = en;
			hasScannedForEncodings = 0;
			knownRegions = (
				en,
				Base,
			);
			mainGroup = BB01A05126A4E70E007345C8;
			productRefGroup = BB01A05B26A4E70E007345C8 /* Products */;
			projectDirPath = "";
			projectRoot = "";
			targets = (
				BB01A05926A4E70E007345C8 /* GitHubApp */,
				BB01A06F26A4E714007345C8 /* GitHubAppTests */,
				BB01A07A26A4E714007345C8 /* GitHubAppUITests */,
			);
		};
/* End PBXProject section */

/* Begin PBXResourcesBuildPhase section */
		BB01A05826A4E70E007345C8 /* Resources */ = {
			isa = PBXResourcesBuildPhase;
			buildActionMask = 2147483647;
			files = (
				BB01A0C726A71C3A007345C8 /* Authorization.storyboard in Resources */,
				BB01A0E126A74FC7007345C8 /* Main.storyboard in Resources */,
				BB01A0F326A76679007345C8 /* RepositoryListCell.xib in Resources */,
				BB01A10326A78A1C007345C8 /* RepositoryInfo.storyboard in Resources */,
				BB01A06A26A4E714007345C8 /* LaunchScreen.storyboard in Resources */,
				BBD61C9926A7A1040005171F /* UserInfo.storyboard in Resources */,
				BB01A06726A4E714007345C8 /* Assets.xcassets in Resources */,
				BBD61C9426A792CA0005171F /* GoogleService-Info.plist in Resources */,
			);
			runOnlyForDeploymentPostprocessing = 0;
		};
		BB01A06E26A4E714007345C8 /* Resources */ = {
			isa = PBXResourcesBuildPhase;
			buildActionMask = 2147483647;
			files = (
			);
			runOnlyForDeploymentPostprocessing = 0;
		};
		BB01A07926A4E714007345C8 /* Resources */ = {
			isa = PBXResourcesBuildPhase;
			buildActionMask = 2147483647;
			files = (
			);
			runOnlyForDeploymentPostprocessing = 0;
		};
/* End PBXResourcesBuildPhase section */

/* Begin PBXShellScriptBuildPhase section */
		28FA744B19A8C47BD1FF06C5 /* [CP] Check Pods Manifest.lock */ = {
			isa = PBXShellScriptBuildPhase;
			buildActionMask = 2147483647;
			files = (
			);
			inputFileListPaths = (
			);
			inputPaths = (
				"${PODS_PODFILE_DIR_PATH}/Podfile.lock",
				"${PODS_ROOT}/Manifest.lock",
			);
			name = "[CP] Check Pods Manifest.lock";
			outputFileListPaths = (
			);
			outputPaths = (
				"$(DERIVED_FILE_DIR)/Pods-GitHubAppTests-checkManifestLockResult.txt",
			);
			runOnlyForDeploymentPostprocessing = 0;
			shellPath = /bin/sh;
			shellScript = "diff \"${PODS_PODFILE_DIR_PATH}/Podfile.lock\" \"${PODS_ROOT}/Manifest.lock\" > /dev/null\nif [ $? != 0 ] ; then\n    # print error to STDERR\n    echo \"error: The sandbox is not in sync with the Podfile.lock. Run 'pod install' or update your CocoaPods installation.\" >&2\n    exit 1\nfi\n# This output is used by Xcode 'outputs' to avoid re-running this script phase.\necho \"SUCCESS\" > \"${SCRIPT_OUTPUT_FILE_0}\"\n";
			showEnvVarsInLog = 0;
		};
		57B25F4D305F558C21933C45 /* [CP] Embed Pods Frameworks */ = {
			isa = PBXShellScriptBuildPhase;
			buildActionMask = 2147483647;
			files = (
			);
			inputFileListPaths = (
				"${PODS_ROOT}/Target Support Files/Pods-GitHubApp-GitHubAppUITests/Pods-GitHubApp-GitHubAppUITests-frameworks-${CONFIGURATION}-input-files.xcfilelist",
			);
			name = "[CP] Embed Pods Frameworks";
			outputFileListPaths = (
				"${PODS_ROOT}/Target Support Files/Pods-GitHubApp-GitHubAppUITests/Pods-GitHubApp-GitHubAppUITests-frameworks-${CONFIGURATION}-output-files.xcfilelist",
			);
			runOnlyForDeploymentPostprocessing = 0;
			shellPath = /bin/sh;
			shellScript = "\"${PODS_ROOT}/Target Support Files/Pods-GitHubApp-GitHubAppUITests/Pods-GitHubApp-GitHubAppUITests-frameworks.sh\"\n";
			showEnvVarsInLog = 0;
		};
		BB01A0BD26A715F4007345C8 /* R.swift */ = {
			isa = PBXShellScriptBuildPhase;
			buildActionMask = 2147483647;
			files = (
			);
			inputFileListPaths = (
			);
			inputPaths = (
				"$TEMP_DIR/rswift-lastrun",
			);
			name = R.swift;
			outputFileListPaths = (
			);
			outputPaths = (
				$SRCROOT/R.generated.swift,
			);
			runOnlyForDeploymentPostprocessing = 0;
			shellPath = /bin/sh;
			shellScript = "\"$PODS_ROOT/R.swift/rswift\" generate \"$SRCROOT/R.generated.swift\"\n";
		};
		C0F6AA5776A71F0244ACF9C0 /* [CP] Embed Pods Frameworks */ = {
			isa = PBXShellScriptBuildPhase;
			buildActionMask = 2147483647;
			files = (
			);
			inputFileListPaths = (
				"${PODS_ROOT}/Target Support Files/Pods-GitHubApp/Pods-GitHubApp-frameworks-${CONFIGURATION}-input-files.xcfilelist",
			);
			name = "[CP] Embed Pods Frameworks";
			outputFileListPaths = (
				"${PODS_ROOT}/Target Support Files/Pods-GitHubApp/Pods-GitHubApp-frameworks-${CONFIGURATION}-output-files.xcfilelist",
			);
			runOnlyForDeploymentPostprocessing = 0;
			shellPath = /bin/sh;
			shellScript = "\"${PODS_ROOT}/Target Support Files/Pods-GitHubApp/Pods-GitHubApp-frameworks.sh\"\n";
			showEnvVarsInLog = 0;
		};
		D07FF948DE732E6D8A4C2359 /* [CP] Check Pods Manifest.lock */ = {
			isa = PBXShellScriptBuildPhase;
			buildActionMask = 2147483647;
			files = (
			);
			inputFileListPaths = (
			);
			inputPaths = (
				"${PODS_PODFILE_DIR_PATH}/Podfile.lock",
				"${PODS_ROOT}/Manifest.lock",
			);
			name = "[CP] Check Pods Manifest.lock";
			outputFileListPaths = (
			);
			outputPaths = (
				"$(DERIVED_FILE_DIR)/Pods-GitHubApp-GitHubAppUITests-checkManifestLockResult.txt",
			);
			runOnlyForDeploymentPostprocessing = 0;
			shellPath = /bin/sh;
			shellScript = "diff \"${PODS_PODFILE_DIR_PATH}/Podfile.lock\" \"${PODS_ROOT}/Manifest.lock\" > /dev/null\nif [ $? != 0 ] ; then\n    # print error to STDERR\n    echo \"error: The sandbox is not in sync with the Podfile.lock. Run 'pod install' or update your CocoaPods installation.\" >&2\n    exit 1\nfi\n# This output is used by Xcode 'outputs' to avoid re-running this script phase.\necho \"SUCCESS\" > \"${SCRIPT_OUTPUT_FILE_0}\"\n";
			showEnvVarsInLog = 0;
		};
		F13FE9DC17A2E2230A789273 /* [CP] Check Pods Manifest.lock */ = {
			isa = PBXShellScriptBuildPhase;
			buildActionMask = 2147483647;
			files = (
			);
			inputFileListPaths = (
			);
			inputPaths = (
				"${PODS_PODFILE_DIR_PATH}/Podfile.lock",
				"${PODS_ROOT}/Manifest.lock",
			);
			name = "[CP] Check Pods Manifest.lock";
			outputFileListPaths = (
			);
			outputPaths = (
				"$(DERIVED_FILE_DIR)/Pods-GitHubApp-checkManifestLockResult.txt",
			);
			runOnlyForDeploymentPostprocessing = 0;
			shellPath = /bin/sh;
			shellScript = "diff \"${PODS_PODFILE_DIR_PATH}/Podfile.lock\" \"${PODS_ROOT}/Manifest.lock\" > /dev/null\nif [ $? != 0 ] ; then\n    # print error to STDERR\n    echo \"error: The sandbox is not in sync with the Podfile.lock. Run 'pod install' or update your CocoaPods installation.\" >&2\n    exit 1\nfi\n# This output is used by Xcode 'outputs' to avoid re-running this script phase.\necho \"SUCCESS\" > \"${SCRIPT_OUTPUT_FILE_0}\"\n";
			showEnvVarsInLog = 0;
		};
/* End PBXShellScriptBuildPhase section */

/* Begin PBXSourcesBuildPhase section */
		BB01A05626A4E70E007345C8 /* Sources */ = {
			isa = PBXSourcesBuildPhase;
			buildActionMask = 2147483647;
			files = (
				BB01A0B726A64E93007345C8 /* NetworkManager.swift in Sources */,
				BB01A0AC26A64DE9007345C8 /* NetworkLayer.swift in Sources */,
				BB01A0DF26A74EC3007345C8 /* NSCoder+Extensions.swift in Sources */,
				BB01A0F226A76679007345C8 /* RepositoryListCell.swift in Sources */,
				BB01A0E926A75768007345C8 /* UIApplication+TopViewController.swift in Sources */,
				BB01A0A226A64CC0007345C8 /* UIImageView+ImageLoading.swift in Sources */,
				BB01A0FC26A778D9007345C8 /* RepositoryOwnerModel.swift in Sources */,
				BB01A0D126A74309007345C8 /* ErrorHandlerPlugin.swift in Sources */,
				BB01A0E326A74FD6007345C8 /* MainViewController.swift in Sources */,
				BB01A0F626A76E5F007345C8 /* RoundedImageView.swift in Sources */,
				BB01A0F826A77389007345C8 /* RepositoryNetworkManager.swift in Sources */,
				BB01A0A526A64CED007345C8 /* UIViewController+Extensions.swift in Sources */,
				BB01A0DC26A74E83007345C8 /* SessionPlainObject.swift in Sources */,
				BBD61C9B26A7A10D0005171F /* UserInfoViewController.swift in Sources */,
				BB01A0D626A74E19007345C8 /* Session.swift in Sources */,
				BB01A09F26A64C8C007345C8 /* UIView+Inspectable.swift in Sources */,
				BB01A0B426A64E35007345C8 /* BaseViewController.swift in Sources */,
				BB01A10126A788FF007345C8 /* RepositoryInfoViewController.swift in Sources */,
				BB01A0BF26A71639007345C8 /* R.generated.swift in Sources */,
				BB01A0D326A74383007345C8 /* APIProtocolable.swift in Sources */,
				BB01A05E26A4E70F007345C8 /* AppDelegate.swift in Sources */,
				BB01A0CF26A742DD007345C8 /* AuthPlugin.swift in Sources */,
				BB01A0ED26A76568007345C8 /* ProgressHUD.swift in Sources */,
				BB01A0C926A71C53007345C8 /* AuthorizationViewController.swift in Sources */,
				BB01A10826A78FB6007345C8 /* DateFormatter.swift in Sources */,
				BB01A0A726A64D37007345C8 /* AppNavigator.swift in Sources */,
				BB01A0CD26A74239007345C8 /* RepositoryAPI.swift in Sources */,
				BB01A0FA26A77418007345C8 /* RepositoryModel.swift in Sources */,
				BB01A0E626A75732007345C8 /* Alert.swift in Sources */,
				BB01A0D826A74E22007345C8 /* SessionProvider.swift in Sources */,
			);
			runOnlyForDeploymentPostprocessing = 0;
		};
		BB01A06C26A4E714007345C8 /* Sources */ = {
			isa = PBXSourcesBuildPhase;
			buildActionMask = 2147483647;
			files = (
				BB01A07526A4E714007345C8 /* GitHubAppTests.swift in Sources */,
				BB01A0C026A71639007345C8 /* R.generated.swift in Sources */,
			);
			runOnlyForDeploymentPostprocessing = 0;
		};
		BB01A07726A4E714007345C8 /* Sources */ = {
			isa = PBXSourcesBuildPhase;
			buildActionMask = 2147483647;
			files = (
				BB01A08026A4E714007345C8 /* GitHubAppUITests.swift in Sources */,
				BB01A0C126A71639007345C8 /* R.generated.swift in Sources */,
			);
			runOnlyForDeploymentPostprocessing = 0;
		};
/* End PBXSourcesBuildPhase section */

/* Begin PBXTargetDependency section */
		BB01A07226A4E714007345C8 /* PBXTargetDependency */ = {
			isa = PBXTargetDependency;
			target = BB01A05926A4E70E007345C8 /* GitHubApp */;
			targetProxy = BB01A07126A4E714007345C8 /* PBXContainerItemProxy */;
		};
		BB01A07D26A4E714007345C8 /* PBXTargetDependency */ = {
			isa = PBXTargetDependency;
			target = BB01A05926A4E70E007345C8 /* GitHubApp */;
			targetProxy = BB01A07C26A4E714007345C8 /* PBXContainerItemProxy */;
		};
/* End PBXTargetDependency section */

/* Begin PBXVariantGroup section */
		BB01A06826A4E714007345C8 /* LaunchScreen.storyboard */ = {
			isa = PBXVariantGroup;
			children = (
				BB01A06926A4E714007345C8 /* Base */,
			);
			name = LaunchScreen.storyboard;
			sourceTree = "<group>";
		};
/* End PBXVariantGroup section */

/* Begin XCBuildConfiguration section */
		BB01A08226A4E714007345C8 /* Debug */ = {
			isa = XCBuildConfiguration;
			buildSettings = {
				ALWAYS_SEARCH_USER_PATHS = NO;
				CLANG_ANALYZER_NONNULL = YES;
				CLANG_ANALYZER_NUMBER_OBJECT_CONVERSION = YES_AGGRESSIVE;
				CLANG_CXX_LANGUAGE_STANDARD = "gnu++14";
				CLANG_CXX_LIBRARY = "libc++";
				CLANG_ENABLE_MODULES = YES;
				CLANG_ENABLE_OBJC_ARC = YES;
				CLANG_ENABLE_OBJC_WEAK = YES;
				CLANG_WARN_BLOCK_CAPTURE_AUTORELEASING = YES;
				CLANG_WARN_BOOL_CONVERSION = YES;
				CLANG_WARN_COMMA = YES;
				CLANG_WARN_CONSTANT_CONVERSION = YES;
				CLANG_WARN_DEPRECATED_OBJC_IMPLEMENTATIONS = YES;
				CLANG_WARN_DIRECT_OBJC_ISA_USAGE = YES_ERROR;
				CLANG_WARN_DOCUMENTATION_COMMENTS = YES;
				CLANG_WARN_EMPTY_BODY = YES;
				CLANG_WARN_ENUM_CONVERSION = YES;
				CLANG_WARN_INFINITE_RECURSION = YES;
				CLANG_WARN_INT_CONVERSION = YES;
				CLANG_WARN_NON_LITERAL_NULL_CONVERSION = YES;
				CLANG_WARN_OBJC_IMPLICIT_RETAIN_SELF = YES;
				CLANG_WARN_OBJC_LITERAL_CONVERSION = YES;
				CLANG_WARN_OBJC_ROOT_CLASS = YES_ERROR;
				CLANG_WARN_QUOTED_INCLUDE_IN_FRAMEWORK_HEADER = YES;
				CLANG_WARN_RANGE_LOOP_ANALYSIS = YES;
				CLANG_WARN_STRICT_PROTOTYPES = YES;
				CLANG_WARN_SUSPICIOUS_MOVE = YES;
				CLANG_WARN_UNGUARDED_AVAILABILITY = YES_AGGRESSIVE;
				CLANG_WARN_UNREACHABLE_CODE = YES;
				CLANG_WARN__DUPLICATE_METHOD_MATCH = YES;
				COPY_PHASE_STRIP = NO;
				DEBUG_INFORMATION_FORMAT = dwarf;
				ENABLE_STRICT_OBJC_MSGSEND = YES;
				ENABLE_TESTABILITY = YES;
				GCC_C_LANGUAGE_STANDARD = gnu11;
				GCC_DYNAMIC_NO_PIC = NO;
				GCC_NO_COMMON_BLOCKS = YES;
				GCC_OPTIMIZATION_LEVEL = 0;
				GCC_PREPROCESSOR_DEFINITIONS = (
					"DEBUG=1",
					"$(inherited)",
				);
				GCC_WARN_64_TO_32_BIT_CONVERSION = YES;
				GCC_WARN_ABOUT_RETURN_TYPE = YES_ERROR;
				GCC_WARN_UNDECLARED_SELECTOR = YES;
				GCC_WARN_UNINITIALIZED_AUTOS = YES_AGGRESSIVE;
				GCC_WARN_UNUSED_FUNCTION = YES;
				GCC_WARN_UNUSED_VARIABLE = YES;
				IPHONEOS_DEPLOYMENT_TARGET = 13.0;
				MTL_ENABLE_DEBUG_INFO = INCLUDE_SOURCE;
				MTL_FAST_MATH = YES;
				ONLY_ACTIVE_ARCH = YES;
				SDKROOT = iphoneos;
				SWIFT_ACTIVE_COMPILATION_CONDITIONS = DEBUG;
				SWIFT_OPTIMIZATION_LEVEL = "-Onone";
			};
			name = Debug;
		};
		BB01A08326A4E714007345C8 /* Release */ = {
			isa = XCBuildConfiguration;
			buildSettings = {
				ALWAYS_SEARCH_USER_PATHS = NO;
				CLANG_ANALYZER_NONNULL = YES;
				CLANG_ANALYZER_NUMBER_OBJECT_CONVERSION = YES_AGGRESSIVE;
				CLANG_CXX_LANGUAGE_STANDARD = "gnu++14";
				CLANG_CXX_LIBRARY = "libc++";
				CLANG_ENABLE_MODULES = YES;
				CLANG_ENABLE_OBJC_ARC = YES;
				CLANG_ENABLE_OBJC_WEAK = YES;
				CLANG_WARN_BLOCK_CAPTURE_AUTORELEASING = YES;
				CLANG_WARN_BOOL_CONVERSION = YES;
				CLANG_WARN_COMMA = YES;
				CLANG_WARN_CONSTANT_CONVERSION = YES;
				CLANG_WARN_DEPRECATED_OBJC_IMPLEMENTATIONS = YES;
				CLANG_WARN_DIRECT_OBJC_ISA_USAGE = YES_ERROR;
				CLANG_WARN_DOCUMENTATION_COMMENTS = YES;
				CLANG_WARN_EMPTY_BODY = YES;
				CLANG_WARN_ENUM_CONVERSION = YES;
				CLANG_WARN_INFINITE_RECURSION = YES;
				CLANG_WARN_INT_CONVERSION = YES;
				CLANG_WARN_NON_LITERAL_NULL_CONVERSION = YES;
				CLANG_WARN_OBJC_IMPLICIT_RETAIN_SELF = YES;
				CLANG_WARN_OBJC_LITERAL_CONVERSION = YES;
				CLANG_WARN_OBJC_ROOT_CLASS = YES_ERROR;
				CLANG_WARN_QUOTED_INCLUDE_IN_FRAMEWORK_HEADER = YES;
				CLANG_WARN_RANGE_LOOP_ANALYSIS = YES;
				CLANG_WARN_STRICT_PROTOTYPES = YES;
				CLANG_WARN_SUSPICIOUS_MOVE = YES;
				CLANG_WARN_UNGUARDED_AVAILABILITY = YES_AGGRESSIVE;
				CLANG_WARN_UNREACHABLE_CODE = YES;
				CLANG_WARN__DUPLICATE_METHOD_MATCH = YES;
				COPY_PHASE_STRIP = NO;
				DEBUG_INFORMATION_FORMAT = "dwarf-with-dsym";
				ENABLE_NS_ASSERTIONS = NO;
				ENABLE_STRICT_OBJC_MSGSEND = YES;
				GCC_C_LANGUAGE_STANDARD = gnu11;
				GCC_NO_COMMON_BLOCKS = YES;
				GCC_WARN_64_TO_32_BIT_CONVERSION = YES;
				GCC_WARN_ABOUT_RETURN_TYPE = YES_ERROR;
				GCC_WARN_UNDECLARED_SELECTOR = YES;
				GCC_WARN_UNINITIALIZED_AUTOS = YES_AGGRESSIVE;
				GCC_WARN_UNUSED_FUNCTION = YES;
				GCC_WARN_UNUSED_VARIABLE = YES;
				IPHONEOS_DEPLOYMENT_TARGET = 13.0;
				MTL_ENABLE_DEBUG_INFO = NO;
				MTL_FAST_MATH = YES;
				SDKROOT = iphoneos;
				SWIFT_COMPILATION_MODE = wholemodule;
				SWIFT_OPTIMIZATION_LEVEL = "-O";
				VALIDATE_PRODUCT = YES;
			};
			name = Release;
		};
		BB01A08526A4E714007345C8 /* Debug */ = {
			isa = XCBuildConfiguration;
			baseConfigurationReference = CB543075A7F0547A8C6BFACD /* Pods-GitHubApp.debug.xcconfig */;
			buildSettings = {
				ASSETCATALOG_COMPILER_APPICON_NAME = AppIcon;
				ASSETCATALOG_COMPILER_GLOBAL_ACCENT_COLOR_NAME = AccentColor;
				CODE_SIGN_STYLE = Automatic;
				DEVELOPMENT_TEAM = K2V5DYJ2C2;
				INFOPLIST_FILE = GitHubApp/Info.plist;
				LD_RUNPATH_SEARCH_PATHS = (
					"$(inherited)",
					"@executable_path/Frameworks",
				);
				PRODUCT_BUNDLE_IDENTIFIER = SergeyTszyu.GitHubApp;
				PRODUCT_NAME = "$(TARGET_NAME)";
				SWIFT_VERSION = 5.0;
				TARGETED_DEVICE_FAMILY = 1;
			};
			name = Debug;
		};
		BB01A08626A4E714007345C8 /* Release */ = {
			isa = XCBuildConfiguration;
			baseConfigurationReference = 2D78E223B69226CD439D29D7 /* Pods-GitHubApp.release.xcconfig */;
			buildSettings = {
				ASSETCATALOG_COMPILER_APPICON_NAME = AppIcon;
				ASSETCATALOG_COMPILER_GLOBAL_ACCENT_COLOR_NAME = AccentColor;
				CODE_SIGN_STYLE = Automatic;
				DEVELOPMENT_TEAM = K2V5DYJ2C2;
				INFOPLIST_FILE = GitHubApp/Info.plist;
				LD_RUNPATH_SEARCH_PATHS = (
					"$(inherited)",
					"@executable_path/Frameworks",
				);
				PRODUCT_BUNDLE_IDENTIFIER = SergeyTszyu.GitHubApp;
				PRODUCT_NAME = "$(TARGET_NAME)";
				SWIFT_VERSION = 5.0;
				TARGETED_DEVICE_FAMILY = 1;
			};
			name = Release;
		};
		BB01A08826A4E714007345C8 /* Debug */ = {
			isa = XCBuildConfiguration;
			baseConfigurationReference = BB06FEE8CB462CF03FD9F6DA /* Pods-GitHubAppTests.debug.xcconfig */;
			buildSettings = {
				ALWAYS_EMBED_SWIFT_STANDARD_LIBRARIES = YES;
				BUNDLE_LOADER = "$(TEST_HOST)";
				CODE_SIGN_STYLE = Automatic;
				DEVELOPMENT_TEAM = K2V5DYJ2C2;
				INFOPLIST_FILE = GitHubAppTests/Info.plist;
				IPHONEOS_DEPLOYMENT_TARGET = 14.5;
				LD_RUNPATH_SEARCH_PATHS = (
					"$(inherited)",
					"@executable_path/Frameworks",
					"@loader_path/Frameworks",
				);
				PRODUCT_BUNDLE_IDENTIFIER = SergeyTszyu.WatchApp.GitHubAppTests;
				PRODUCT_NAME = "$(TARGET_NAME)";
				SWIFT_VERSION = 5.0;
				TARGETED_DEVICE_FAMILY = "1,2";
				TEST_HOST = "$(BUILT_PRODUCTS_DIR)/GitHubApp.app/GitHubApp";
			};
			name = Debug;
		};
		BB01A08926A4E714007345C8 /* Release */ = {
			isa = XCBuildConfiguration;
			baseConfigurationReference = B22511FCC1567135EE5D2EF9 /* Pods-GitHubAppTests.release.xcconfig */;
			buildSettings = {
				ALWAYS_EMBED_SWIFT_STANDARD_LIBRARIES = YES;
				BUNDLE_LOADER = "$(TEST_HOST)";
				CODE_SIGN_STYLE = Automatic;
				DEVELOPMENT_TEAM = K2V5DYJ2C2;
				INFOPLIST_FILE = GitHubAppTests/Info.plist;
				IPHONEOS_DEPLOYMENT_TARGET = 14.5;
				LD_RUNPATH_SEARCH_PATHS = (
					"$(inherited)",
					"@executable_path/Frameworks",
					"@loader_path/Frameworks",
				);
				PRODUCT_BUNDLE_IDENTIFIER = SergeyTszyu.WatchApp.GitHubAppTests;
				PRODUCT_NAME = "$(TARGET_NAME)";
				SWIFT_VERSION = 5.0;
				TARGETED_DEVICE_FAMILY = "1,2";
				TEST_HOST = "$(BUILT_PRODUCTS_DIR)/GitHubApp.app/GitHubApp";
			};
			name = Release;
		};
		BB01A08B26A4E714007345C8 /* Debug */ = {
			isa = XCBuildConfiguration;
			baseConfigurationReference = 77197F416D2DFD9D5A6D4DA7 /* Pods-GitHubApp-GitHubAppUITests.debug.xcconfig */;
			buildSettings = {
				ALWAYS_EMBED_SWIFT_STANDARD_LIBRARIES = YES;
				CODE_SIGN_STYLE = Automatic;
				DEVELOPMENT_TEAM = K2V5DYJ2C2;
				INFOPLIST_FILE = GitHubAppUITests/Info.plist;
				LD_RUNPATH_SEARCH_PATHS = (
					"$(inherited)",
					"@executable_path/Frameworks",
					"@loader_path/Frameworks",
				);
				PRODUCT_BUNDLE_IDENTIFIER = SergeyTszyu.WatchApp.GitHubAppUITests;
				PRODUCT_NAME = "$(TARGET_NAME)";
				SWIFT_VERSION = 5.0;
				TARGETED_DEVICE_FAMILY = "1,2";
				TEST_TARGET_NAME = GitHubApp;
			};
			name = Debug;
		};
		BB01A08C26A4E714007345C8 /* Release */ = {
			isa = XCBuildConfiguration;
			baseConfigurationReference = 30E729710751891FA1887CE2 /* Pods-GitHubApp-GitHubAppUITests.release.xcconfig */;
			buildSettings = {
				ALWAYS_EMBED_SWIFT_STANDARD_LIBRARIES = YES;
				CODE_SIGN_STYLE = Automatic;
				DEVELOPMENT_TEAM = K2V5DYJ2C2;
				INFOPLIST_FILE = GitHubAppUITests/Info.plist;
				LD_RUNPATH_SEARCH_PATHS = (
					"$(inherited)",
					"@executable_path/Frameworks",
					"@loader_path/Frameworks",
				);
				PRODUCT_BUNDLE_IDENTIFIER = SergeyTszyu.WatchApp.GitHubAppUITests;
				PRODUCT_NAME = "$(TARGET_NAME)";
				SWIFT_VERSION = 5.0;
				TARGETED_DEVICE_FAMILY = "1,2";
				TEST_TARGET_NAME = GitHubApp;
			};
			name = Release;
		};
/* End XCBuildConfiguration section */

/* Begin XCConfigurationList section */
		BB01A05526A4E70E007345C8 /* Build configuration list for PBXProject "GitHubApp" */ = {
			isa = XCConfigurationList;
			buildConfigurations = (
				BB01A08226A4E714007345C8 /* Debug */,
				BB01A08326A4E714007345C8 /* Release */,
			);
			defaultConfigurationIsVisible = 0;
			defaultConfigurationName = Release;
		};
		BB01A08426A4E714007345C8 /* Build configuration list for PBXNativeTarget "GitHubApp" */ = {
			isa = XCConfigurationList;
			buildConfigurations = (
				BB01A08526A4E714007345C8 /* Debug */,
				BB01A08626A4E714007345C8 /* Release */,
			);
			defaultConfigurationIsVisible = 0;
			defaultConfigurationName = Release;
		};
		BB01A08726A4E714007345C8 /* Build configuration list for PBXNativeTarget "GitHubAppTests" */ = {
			isa = XCConfigurationList;
			buildConfigurations = (
				BB01A08826A4E714007345C8 /* Debug */,
				BB01A08926A4E714007345C8 /* Release */,
			);
			defaultConfigurationIsVisible = 0;
			defaultConfigurationName = Release;
		};
		BB01A08A26A4E714007345C8 /* Build configuration list for PBXNativeTarget "GitHubAppUITests" */ = {
			isa = XCConfigurationList;
			buildConfigurations = (
				BB01A08B26A4E714007345C8 /* Debug */,
				BB01A08C26A4E714007345C8 /* Release */,
			);
			defaultConfigurationIsVisible = 0;
			defaultConfigurationName = Release;
		};
/* End XCConfigurationList section */
	};
	rootObject = BB01A05226A4E70E007345C8 /* Project object */;
}
